
Microsoft Visual Studio Solution File, Format Version 12.00
# Visual Studio Version 17
VisualStudioVersion = 17.4.33213.308
MinimumVisualStudioVersion = 10.0.40219.1
Project("{FAE04EC0-301F-11D3-BF4B-00C04F79EFBC}") = "MH_Api", "MH_Api\MH_Api.csproj", "{FB0B0373-2C34-4B96-B907-0CA2ED766762}"
EndProject
Global
	GlobalSection(SolutionConfigurationPlatforms) = preSolution
		Debug|Any CPU = Debug|Any CPU
		Release|Any CPU = Release|Any CPU
	EndGlobalSection
	GlobalSection(ProjectConfigurationPlatforms) = postSolution
		{FB0B0373-2C34-4B96-B907-0CA2ED766762}.Debug|Any CPU.ActiveCfg = Debug|Any CPU
		{FB0B0373-2C34-4B96-B907-0CA2ED766762}.Debug|Any CPU.Build.0 = Debug|Any CPU
		{FB0B0373-2C34-4B96-B907-0CA2ED766762}.Release|Any CPU.ActiveCfg = Release|Any CPU
		{FB0B0373-2C34-4B96-B907-0CA2ED766762}.Release|Any CPU.Build.0 = Release|Any CPU
	EndGlobalSection
	GlobalSection(SolutionProperties) = preSolution
		HideSolutionNode = FALSE
	EndGlobalSection
	GlobalSection(ExtensibilityGlobals) = postSolution
		SolutionGuid = {7E63F3F0-012F-4E66-9A1A-8FF01B1C5FA2}
	EndGlobalSection
EndGlobal
